{
  "nodes": {
    "nixpkgs": {
      "locked": {
        "lastModified": 1776548001,
        "narHash": "sha256-ZSK0NL4a1BwVbbTBoSnWgbJy9HeZFXLYQizjb2DPF24=",
        "owner": "NixOS",
        "repo": "nixpkgs",
        "rev": "b12141ef619e0a9c1c84dc8c684040326f27cdcc",
        "type": "github"
      },
      "original": {
        "owner": "NixOS",
        "ref": "nixos-unstable",
        "repo": "nixpkgs",
        "type": "github"
      }
    },
    "pyproject": {
      "inputs": {
        "nixpkgs": "nixpkgs"
      },
      "locked": {
        "lastModified": 1776826332,
        "narHash": "sha256-eR5+YvYe6nKzJimNj+EAJEdyOvqp514y34Ceqg4Jrsk=",
        "owner": "ret2pop",
        "repo": "pyproject_tools",
        "rev": "ad3f8b788ee6a534b9c879e10b75237100673955",
        "type": "github"
      },
      "original": {
        "owner": "ret2pop",
        "repo": "pyproject_tools",
        "type": "github"
      }
    },
    "root": {
      "inputs": {
        "pyproject": "pyproject"
      }
    }
  },
  "root": "root",
  "version": 7
}
